{
  "object": {
    "pins": [
      {
        "package": "DoublyLinkedList",
        "repositoryURL": "https://github.com/Mohamed-Afsar/DoublyLinkedList.git",
        "state": {
          "branch": null,
          "revision": "d52f2b94f63e31ec71a592f9aca72eb6d88938a7",
          "version": "1.0.0"
        }
      }
    ]
  },
  "version": 1
}
