{
  "object": {
    "pins": [
      {
        "package": "DoublyLinkedList",
        "repositoryURL": "https://github.com/Mohamed-Afsar/DoublyLinkedList.git",
        "state": {
          "branch": null,
          "revision": "306e88c2cecdac2a400c8a93fec15db118c2bccd",
          "version": "1.0.0"
        }
      }
    ]
  },
  "version": 1
}
